{
  "name": "dndman",
  "version": "1.0.0",
  "lockfileVersion": 2,
  "requires": true,
  "packages": {
    "": {
      "name": "dndman",
      "version": "1.0.0",
      "license": "ISC",
      "dependencies": {
        "alpinejs": "^3.9.1"
      }
    },
    "node_modules/@vue/reactivity": {
      "version": "3.1.5",
      "resolved": "https://registry.npmjs.org/@vue/reactivity/-/reactivity-3.1.5.tgz",
      "integrity": "sha512-1tdfLmNjWG6t/CsPldh+foumYFo3cpyCHgBYQ34ylaMsJ+SNHQ1kApMIa8jN+i593zQuaw3AdWH0nJTARzCFhg==",
      "dependencies": {
        "@vue/shared": "3.1.5"
      }
    },
    "node_modules/@vue/shared": {
      "version": "3.1.5",
      "resolved": "https://registry.npmjs.org/@vue/shared/-/shared-3.1.5.tgz",
      "integrity": "sha512-oJ4F3TnvpXaQwZJNF3ZK+kLPHKarDmJjJ6jyzVNDKH9md1dptjC7lWR//jrGuLdek/U6iltWxqAnYOu8gCiOvA=="
    },
    "node_modules/alpinejs": {
      "version": "3.9.1",
      "resolved": "https://registry.npmjs.org/alpinejs/-/alpinejs-3.9.1.tgz",
      "integrity": "sha512-RcNHza1C9hrGEScXP1igFwnP4iTn4cXbT6vhd1gDT6DsZLE8kutG4FRRF1yk2T0poQYMyyxfFlqX865HUHJy3Q==",
      "dependencies": {
        "@vue/reactivity": "~3.1.1"
      }
    }
  },
  "dependencies": {
    "@vue/reactivity": {
      "version": "3.1.5",
      "resolved": "https://registry.npmjs.org/@vue/reactivity/-/reactivity-3.1.5.tgz",
      "integrity": "sha512-1tdfLmNjWG6t/CsPldh+foumYFo3cpyCHgBYQ34ylaMsJ+SNHQ1kApMIa8jN+i593zQuaw3AdWH0nJTARzCFhg==",
      "requires": {
        "@vue/shared": "3.1.5"
      }
    },
    "@vue/shared": {
      "version": "3.1.5",
      "resolved": "https://registry.npmjs.org/@vue/shared/-/shared-3.1.5.tgz",
      "integrity": "sha512-oJ4F3TnvpXaQwZJNF3ZK+kLPHKarDmJjJ6jyzVNDKH9md1dptjC7lWR//jrGuLdek/U6iltWxqAnYOu8gCiOvA=="
    },
    "alpinejs": {
      "version": "3.9.1",
      "resolved": "https://registry.npmjs.org/alpinejs/-/alpinejs-3.9.1.tgz",
      "integrity": "sha512-RcNHza1C9hrGEScXP1igFwnP4iTn4cXbT6vhd1gDT6DsZLE8kutG4FRRF1yk2T0poQYMyyxfFlqX865HUHJy3Q==",
      "requires": {
        "@vue/reactivity": "~3.1.1"
      }
    }
  }
}
